// !$*UTF8*$!
{
	archiveVersion = 1;
	classes = {
	};
	objectVersion = 50;
	objects = {

/* Begin PBXBuildFile section */
		A040583424847A0900BADDAF /* PokemonMoveTableViewCell.swift in Sources */ = {isa = PBXBuildFile; fileRef = A040583224847A0900BADDAF /* PokemonMoveTableViewCell.swift */; };
		A040583524847A0900BADDAF /* PokemonMoveTableViewCell.xib in Resources */ = {isa = PBXBuildFile; fileRef = A040583324847A0900BADDAF /* PokemonMoveTableViewCell.xib */; };
		A05B671C24841E850016CFA2 /* PokemonDetailConnection.swift in Sources */ = {isa = PBXBuildFile; fileRef = A05B671B24841E850016CFA2 /* PokemonDetailConnection.swift */; };
		A05B671E24841F610016CFA2 /* PokemonColor.swift in Sources */ = {isa = PBXBuildFile; fileRef = A05B671D24841F610016CFA2 /* PokemonColor.swift */; };
		A05B672024841FDA0016CFA2 /* PokemonDetailViewModel.swift in Sources */ = {isa = PBXBuildFile; fileRef = A05B671F24841FDA0016CFA2 /* PokemonDetailViewModel.swift */; };
		A05B6731248431B70016CFA2 /* PokemonStats.storyboard in Resources */ = {isa = PBXBuildFile; fileRef = A05B6730248431B70016CFA2 /* PokemonStats.storyboard */; };
		A05B6733248431C90016CFA2 /* PokemonStatsViewController.swift in Sources */ = {isa = PBXBuildFile; fileRef = A05B6732248431C90016CFA2 /* PokemonStatsViewController.swift */; };
		A05B6735248432020016CFA2 /* PokemonEvolutions.storyboard in Resources */ = {isa = PBXBuildFile; fileRef = A05B6734248432020016CFA2 /* PokemonEvolutions.storyboard */; };
		A05B67372484320D0016CFA2 /* PokemonEvolutionsViewController.swift in Sources */ = {isa = PBXBuildFile; fileRef = A05B67362484320D0016CFA2 /* PokemonEvolutionsViewController.swift */; };
		A05B6739248432400016CFA2 /* PokemonMoves.storyboard in Resources */ = {isa = PBXBuildFile; fileRef = A05B6738248432400016CFA2 /* PokemonMoves.storyboard */; };
		A05B673B2484324E0016CFA2 /* PokemonMovesViewController.swift in Sources */ = {isa = PBXBuildFile; fileRef = A05B673A2484324E0016CFA2 /* PokemonMovesViewController.swift */; };
		A05B673E24843F110016CFA2 /* PokemonEvolutionTableViewCell.swift in Sources */ = {isa = PBXBuildFile; fileRef = A05B673C24843F110016CFA2 /* PokemonEvolutionTableViewCell.swift */; };
		A05B673F24843F110016CFA2 /* PokemonEvolutionTableViewCell.xib in Resources */ = {isa = PBXBuildFile; fileRef = A05B673D24843F110016CFA2 /* PokemonEvolutionTableViewCell.xib */; };
		A05B6741248444290016CFA2 /* PokemonEvolutionChain.swift in Sources */ = {isa = PBXBuildFile; fileRef = A05B6740248444290016CFA2 /* PokemonEvolutionChain.swift */; };
		A05B67432484449F0016CFA2 /* PokemonChainLink.swift in Sources */ = {isa = PBXBuildFile; fileRef = A05B67422484449F0016CFA2 /* PokemonChainLink.swift */; };
		A05B67452484460E0016CFA2 /* PokemonEvolutionDetail.swift in Sources */ = {isa = PBXBuildFile; fileRef = A05B67442484460E0016CFA2 /* PokemonEvolutionDetail.swift */; };
		A05B6747248446890016CFA2 /* PokemonEvolutionsConnection.swift in Sources */ = {isa = PBXBuildFile; fileRef = A05B6746248446890016CFA2 /* PokemonEvolutionsConnection.swift */; };
		A05B6749248447210016CFA2 /* PokemonEvolutionsViewModel.swift in Sources */ = {isa = PBXBuildFile; fileRef = A05B6748248447210016CFA2 /* PokemonEvolutionsViewModel.swift */; };
		A05B674B248448610016CFA2 /* EvolutionModel.swift in Sources */ = {isa = PBXBuildFile; fileRef = A05B674A248448610016CFA2 /* EvolutionModel.swift */; };
		A07BE5542482AFB100CC77DD /* PokemonList.storyboard in Resources */ = {isa = PBXBuildFile; fileRef = A07BE5532482AFB100CC77DD /* PokemonList.storyboard */; };
		A07BE5572482B06B00CC77DD /* PokemonTableViewCell.swift in Sources */ = {isa = PBXBuildFile; fileRef = A07BE5552482B06B00CC77DD /* PokemonTableViewCell.swift */; };
		A07BE5582482B06B00CC77DD /* PokemonTableViewCell.xib in Resources */ = {isa = PBXBuildFile; fileRef = A07BE5562482B06B00CC77DD /* PokemonTableViewCell.xib */; };
		A07BE55A2482B16200CC77DD /* Colors.xcassets in Resources */ = {isa = PBXBuildFile; fileRef = A07BE5592482B16200CC77DD /* Colors.xcassets */; };
		A07BE55D2482B7D400CC77DD /* UITableView+Extensions.swift in Sources */ = {isa = PBXBuildFile; fileRef = A07BE55C2482B7D400CC77DD /* UITableView+Extensions.swift */; };
		A07BE5622482B8B200CC77DD /* PokemonListConnection.swift in Sources */ = {isa = PBXBuildFile; fileRef = A07BE5612482B8B200CC77DD /* PokemonListConnection.swift */; };
		A07BE5642482BB0000CC77DD /* PokemonListViewModel.swift in Sources */ = {isa = PBXBuildFile; fileRef = A07BE5632482BB0000CC77DD /* PokemonListViewModel.swift */; };
		A07BE5662482BB9300CC77DD /* APIResources.swift in Sources */ = {isa = PBXBuildFile; fileRef = A07BE5652482BB9300CC77DD /* APIResources.swift */; };
		A07BE5682482BBC800CC77DD /* NamedAPIResource.swift in Sources */ = {isa = PBXBuildFile; fileRef = A07BE5672482BBC800CC77DD /* NamedAPIResource.swift */; };
		A07BE56A2482C49900CC77DD /* UIImageView+Extensions.swift in Sources */ = {isa = PBXBuildFile; fileRef = A07BE5692482C49900CC77DD /* UIImageView+Extensions.swift */; };
		A07BE56C2482D0C000CC77DD /* Pokemon.swift in Sources */ = {isa = PBXBuildFile; fileRef = A07BE56B2482D0C000CC77DD /* Pokemon.swift */; };
		A07BE56E2482E69600CC77DD /* String+Extensions.swift in Sources */ = {isa = PBXBuildFile; fileRef = A07BE56D2482E69600CC77DD /* String+Extensions.swift */; };
		A07BE5702482EDB000CC77DD /* PokemonType.swift in Sources */ = {isa = PBXBuildFile; fileRef = A07BE56F2482EDB000CC77DD /* PokemonType.swift */; };
		A07BE5722482FD0800CC77DD /* UIViewController+Extensions.swift in Sources */ = {isa = PBXBuildFile; fileRef = A07BE5712482FD0800CC77DD /* UIViewController+Extensions.swift */; };
		A07BE57424830AD300CC77DD /* InjectDependenciesProtocol.swift in Sources */ = {isa = PBXBuildFile; fileRef = A07BE57324830AD300CC77DD /* InjectDependenciesProtocol.swift */; };
		A07BE57B24830EDE00CC77DD /* UIView+Extensions.swift in Sources */ = {isa = PBXBuildFile; fileRef = A07BE57A24830EDE00CC77DD /* UIView+Extensions.swift */; };
		A07BE57D248321A600CC77DD /* UISearchBar+Extensions.swift in Sources */ = {isa = PBXBuildFile; fileRef = A07BE57C248321A600CC77DD /* UISearchBar+Extensions.swift */; };
		A07BE57F2483DBEB00CC77DD /* PokemonSprites.swift in Sources */ = {isa = PBXBuildFile; fileRef = A07BE57E2483DBEB00CC77DD /* PokemonSprites.swift */; };
		A07BE5862483E7B700CC77DD /* PokemonDetail.storyboard in Resources */ = {isa = PBXBuildFile; fileRef = A07BE5852483E7B700CC77DD /* PokemonDetail.storyboard */; };
		A07BE5882483E7E800CC77DD /* PokemonDetailViewController.swift in Sources */ = {isa = PBXBuildFile; fileRef = A07BE5872483E7E800CC77DD /* PokemonDetailViewController.swift */; };
		A07BE58A2483EB7100CC77DD /* BorderedUIView.swift in Sources */ = {isa = PBXBuildFile; fileRef = A07BE5892483EB7000CC77DD /* BorderedUIView.swift */; };
		A07BE58C2483FAEB00CC77DD /* StoryBoard.swift in Sources */ = {isa = PBXBuildFile; fileRef = A07BE58B2483FAEA00CC77DD /* StoryBoard.swift */; };
		A07BE58E2483FD7E00CC77DD /* PokemonDetailViewController+Extensions.swift in Sources */ = {isa = PBXBuildFile; fileRef = A07BE58D2483FD7E00CC77DD /* PokemonDetailViewController+Extensions.swift */; };
		A07BE59024840DE800CC77DD /* CustomSegmentedControl.swift in Sources */ = {isa = PBXBuildFile; fileRef = A07BE58F24840DE800CC77DD /* CustomSegmentedControl.swift */; };
		A07BE5922484181D00CC77DD /* UIBarButtonItem.swift in Sources */ = {isa = PBXBuildFile; fileRef = A07BE5912484181D00CC77DD /* UIBarButtonItem.swift */; };
		A0C956892481BC4800C8CA85 /* AppDelegate.swift in Sources */ = {isa = PBXBuildFile; fileRef = A0C956882481BC4800C8CA85 /* AppDelegate.swift */; };
		A0C9568B2481BC4800C8CA85 /* SceneDelegate.swift in Sources */ = {isa = PBXBuildFile; fileRef = A0C9568A2481BC4800C8CA85 /* SceneDelegate.swift */; };
		A0C9568D2481BC4800C8CA85 /* PokemonListViewController.swift in Sources */ = {isa = PBXBuildFile; fileRef = A0C9568C2481BC4800C8CA85 /* PokemonListViewController.swift */; };
		A0C956902481BC4800C8CA85 /* Main.storyboard in Resources */ = {isa = PBXBuildFile; fileRef = A0C9568E2481BC4800C8CA85 /* Main.storyboard */; };
		A0C956922481BC4B00C8CA85 /* Assets.xcassets in Resources */ = {isa = PBXBuildFile; fileRef = A0C956912481BC4B00C8CA85 /* Assets.xcassets */; };
		A0C956952481BC4B00C8CA85 /* LaunchScreen.storyboard in Resources */ = {isa = PBXBuildFile; fileRef = A0C956932481BC4B00C8CA85 /* LaunchScreen.storyboard */; };
		A0C9569E2481C9F600C8CA85 /* PokedexAPI.swift in Sources */ = {isa = PBXBuildFile; fileRef = A0C9569D2481C9F600C8CA85 /* PokedexAPI.swift */; };
/* End PBXBuildFile section */

/* Begin PBXFileReference section */
		A040583224847A0900BADDAF /* PokemonMoveTableViewCell.swift */ = {isa = PBXFileReference; lastKnownFileType = sourcecode.swift; path = PokemonMoveTableViewCell.swift; sourceTree = "<group>"; };
		A040583324847A0900BADDAF /* PokemonMoveTableViewCell.xib */ = {isa = PBXFileReference; lastKnownFileType = file.xib; path = PokemonMoveTableViewCell.xib; sourceTree = "<group>"; };
		A05B671B24841E850016CFA2 /* PokemonDetailConnection.swift */ = {isa = PBXFileReference; lastKnownFileType = sourcecode.swift; path = PokemonDetailConnection.swift; sourceTree = "<group>"; };
		A05B671D24841F610016CFA2 /* PokemonColor.swift */ = {isa = PBXFileReference; lastKnownFileType = sourcecode.swift; path = PokemonColor.swift; sourceTree = "<group>"; };
		A05B671F24841FDA0016CFA2 /* PokemonDetailViewModel.swift */ = {isa = PBXFileReference; lastKnownFileType = sourcecode.swift; path = PokemonDetailViewModel.swift; sourceTree = "<group>"; };
		A05B6730248431B70016CFA2 /* PokemonStats.storyboard */ = {isa = PBXFileReference; lastKnownFileType = file.storyboard; path = PokemonStats.storyboard; sourceTree = "<group>"; };
		A05B6732248431C90016CFA2 /* PokemonStatsViewController.swift */ = {isa = PBXFileReference; lastKnownFileType = sourcecode.swift; path = PokemonStatsViewController.swift; sourceTree = "<group>"; };
		A05B6734248432020016CFA2 /* PokemonEvolutions.storyboard */ = {isa = PBXFileReference; lastKnownFileType = file.storyboard; path = PokemonEvolutions.storyboard; sourceTree = "<group>"; };
		A05B67362484320D0016CFA2 /* PokemonEvolutionsViewController.swift */ = {isa = PBXFileReference; lastKnownFileType = sourcecode.swift; path = PokemonEvolutionsViewController.swift; sourceTree = "<group>"; };
		A05B6738248432400016CFA2 /* PokemonMoves.storyboard */ = {isa = PBXFileReference; lastKnownFileType = file.storyboard; path = PokemonMoves.storyboard; sourceTree = "<group>"; };
		A05B673A2484324E0016CFA2 /* PokemonMovesViewController.swift */ = {isa = PBXFileReference; lastKnownFileType = sourcecode.swift; path = PokemonMovesViewController.swift; sourceTree = "<group>"; };
		A05B673C24843F110016CFA2 /* PokemonEvolutionTableViewCell.swift */ = {isa = PBXFileReference; lastKnownFileType = sourcecode.swift; path = PokemonEvolutionTableViewCell.swift; sourceTree = "<group>"; };
		A05B673D24843F110016CFA2 /* PokemonEvolutionTableViewCell.xib */ = {isa = PBXFileReference; lastKnownFileType = file.xib; path = PokemonEvolutionTableViewCell.xib; sourceTree = "<group>"; };
		A05B6740248444290016CFA2 /* PokemonEvolutionChain.swift */ = {isa = PBXFileReference; lastKnownFileType = sourcecode.swift; path = PokemonEvolutionChain.swift; sourceTree = "<group>"; };
		A05B67422484449F0016CFA2 /* PokemonChainLink.swift */ = {isa = PBXFileReference; lastKnownFileType = sourcecode.swift; path = PokemonChainLink.swift; sourceTree = "<group>"; };
		A05B67442484460E0016CFA2 /* PokemonEvolutionDetail.swift */ = {isa = PBXFileReference; lastKnownFileType = sourcecode.swift; path = PokemonEvolutionDetail.swift; sourceTree = "<group>"; };
		A05B6746248446890016CFA2 /* PokemonEvolutionsConnection.swift */ = {isa = PBXFileReference; lastKnownFileType = sourcecode.swift; path = PokemonEvolutionsConnection.swift; sourceTree = "<group>"; };
		A05B6748248447210016CFA2 /* PokemonEvolutionsViewModel.swift */ = {isa = PBXFileReference; lastKnownFileType = sourcecode.swift; path = PokemonEvolutionsViewModel.swift; sourceTree = "<group>"; };
		A05B674A248448610016CFA2 /* EvolutionModel.swift */ = {isa = PBXFileReference; lastKnownFileType = sourcecode.swift; path = EvolutionModel.swift; sourceTree = "<group>"; };
		A07BE5532482AFB100CC77DD /* PokemonList.storyboard */ = {isa = PBXFileReference; lastKnownFileType = file.storyboard; path = PokemonList.storyboard; sourceTree = "<group>"; };
		A07BE5552482B06B00CC77DD /* PokemonTableViewCell.swift */ = {isa = PBXFileReference; lastKnownFileType = sourcecode.swift; path = PokemonTableViewCell.swift; sourceTree = "<group>"; };
		A07BE5562482B06B00CC77DD /* PokemonTableViewCell.xib */ = {isa = PBXFileReference; lastKnownFileType = file.xib; path = PokemonTableViewCell.xib; sourceTree = "<group>"; };
		A07BE5592482B16200CC77DD /* Colors.xcassets */ = {isa = PBXFileReference; lastKnownFileType = folder.assetcatalog; path = Colors.xcassets; sourceTree = "<group>"; };
		A07BE55C2482B7D400CC77DD /* UITableView+Extensions.swift */ = {isa = PBXFileReference; lastKnownFileType = sourcecode.swift; path = "UITableView+Extensions.swift"; sourceTree = "<group>"; };
		A07BE5612482B8B200CC77DD /* PokemonListConnection.swift */ = {isa = PBXFileReference; lastKnownFileType = sourcecode.swift; path = PokemonListConnection.swift; sourceTree = "<group>"; };
		A07BE5632482BB0000CC77DD /* PokemonListViewModel.swift */ = {isa = PBXFileReference; lastKnownFileType = sourcecode.swift; path = PokemonListViewModel.swift; sourceTree = "<group>"; };
		A07BE5652482BB9300CC77DD /* APIResources.swift */ = {isa = PBXFileReference; lastKnownFileType = sourcecode.swift; path = APIResources.swift; sourceTree = "<group>"; };
		A07BE5672482BBC800CC77DD /* NamedAPIResource.swift */ = {isa = PBXFileReference; lastKnownFileType = sourcecode.swift; path = NamedAPIResource.swift; sourceTree = "<group>"; };
		A07BE5692482C49900CC77DD /* UIImageView+Extensions.swift */ = {isa = PBXFileReference; lastKnownFileType = sourcecode.swift; path = "UIImageView+Extensions.swift"; sourceTree = "<group>"; };
		A07BE56B2482D0C000CC77DD /* Pokemon.swift */ = {isa = PBXFileReference; lastKnownFileType = sourcecode.swift; path = Pokemon.swift; sourceTree = "<group>"; };
		A07BE56D2482E69600CC77DD /* String+Extensions.swift */ = {isa = PBXFileReference; lastKnownFileType = sourcecode.swift; path = "String+Extensions.swift"; sourceTree = "<group>"; };
		A07BE56F2482EDB000CC77DD /* PokemonType.swift */ = {isa = PBXFileReference; lastKnownFileType = sourcecode.swift; path = PokemonType.swift; sourceTree = "<group>"; };
		A07BE5712482FD0800CC77DD /* UIViewController+Extensions.swift */ = {isa = PBXFileReference; lastKnownFileType = sourcecode.swift; path = "UIViewController+Extensions.swift"; sourceTree = "<group>"; };
		A07BE57324830AD300CC77DD /* InjectDependenciesProtocol.swift */ = {isa = PBXFileReference; lastKnownFileType = sourcecode.swift; path = InjectDependenciesProtocol.swift; sourceTree = "<group>"; };
		A07BE57A24830EDE00CC77DD /* UIView+Extensions.swift */ = {isa = PBXFileReference; lastKnownFileType = sourcecode.swift; path = "UIView+Extensions.swift"; sourceTree = "<group>"; };
		A07BE57C248321A600CC77DD /* UISearchBar+Extensions.swift */ = {isa = PBXFileReference; lastKnownFileType = sourcecode.swift; path = "UISearchBar+Extensions.swift"; sourceTree = "<group>"; };
		A07BE57E2483DBEB00CC77DD /* PokemonSprites.swift */ = {isa = PBXFileReference; lastKnownFileType = sourcecode.swift; path = PokemonSprites.swift; sourceTree = "<group>"; };
		A07BE5852483E7B700CC77DD /* PokemonDetail.storyboard */ = {isa = PBXFileReference; lastKnownFileType = file.storyboard; path = PokemonDetail.storyboard; sourceTree = "<group>"; };
		A07BE5872483E7E800CC77DD /* PokemonDetailViewController.swift */ = {isa = PBXFileReference; lastKnownFileType = sourcecode.swift; path = PokemonDetailViewController.swift; sourceTree = "<group>"; };
		A07BE5892483EB7000CC77DD /* BorderedUIView.swift */ = {isa = PBXFileReference; lastKnownFileType = sourcecode.swift; path = BorderedUIView.swift; sourceTree = "<group>"; };
		A07BE58B2483FAEA00CC77DD /* StoryBoard.swift */ = {isa = PBXFileReference; lastKnownFileType = sourcecode.swift; path = StoryBoard.swift; sourceTree = "<group>"; };
		A07BE58D2483FD7E00CC77DD /* PokemonDetailViewController+Extensions.swift */ = {isa = PBXFileReference; lastKnownFileType = sourcecode.swift; path = "PokemonDetailViewController+Extensions.swift"; sourceTree = "<group>"; };
		A07BE58F24840DE800CC77DD /* CustomSegmentedControl.swift */ = {isa = PBXFileReference; lastKnownFileType = sourcecode.swift; path = CustomSegmentedControl.swift; sourceTree = "<group>"; };
		A07BE5912484181D00CC77DD /* UIBarButtonItem.swift */ = {isa = PBXFileReference; lastKnownFileType = sourcecode.swift; path = UIBarButtonItem.swift; sourceTree = "<group>"; };
		A0C956852481BC4800C8CA85 /* Pokedex.app */ = {isa = PBXFileReference; explicitFileType = wrapper.application; includeInIndex = 0; path = Pokedex.app; sourceTree = BUILT_PRODUCTS_DIR; };
		A0C956882481BC4800C8CA85 /* AppDelegate.swift */ = {isa = PBXFileReference; lastKnownFileType = sourcecode.swift; path = AppDelegate.swift; sourceTree = "<group>"; };
		A0C9568A2481BC4800C8CA85 /* SceneDelegate.swift */ = {isa = PBXFileReference; lastKnownFileType = sourcecode.swift; path = SceneDelegate.swift; sourceTree = "<group>"; };
		A0C9568C2481BC4800C8CA85 /* PokemonListViewController.swift */ = {isa = PBXFileReference; lastKnownFileType = sourcecode.swift; path = PokemonListViewController.swift; sourceTree = "<group>"; };
		A0C9568F2481BC4800C8CA85 /* Base */ = {isa = PBXFileReference; lastKnownFileType = file.storyboard; name = Base; path = Base.lproj/Main.storyboard; sourceTree = "<group>"; };
		A0C956912481BC4B00C8CA85 /* Assets.xcassets */ = {isa = PBXFileReference; lastKnownFileType = folder.assetcatalog; path = Assets.xcassets; sourceTree = "<group>"; };
		A0C956942481BC4B00C8CA85 /* Base */ = {isa = PBXFileReference; lastKnownFileType = file.storyboard; name = Base; path = Base.lproj/LaunchScreen.storyboard; sourceTree = "<group>"; };
		A0C956962481BC4B00C8CA85 /* Info.plist */ = {isa = PBXFileReference; lastKnownFileType = text.plist.xml; path = Info.plist; sourceTree = "<group>"; };
		A0C9569D2481C9F600C8CA85 /* PokedexAPI.swift */ = {isa = PBXFileReference; lastKnownFileType = sourcecode.swift; path = PokedexAPI.swift; sourceTree = "<group>"; };
/* End PBXFileReference section */

/* Begin PBXFrameworksBuildPhase section */
		A0C956822481BC4800C8CA85 /* Frameworks */ = {
			isa = PBXFrameworksBuildPhase;
			buildActionMask = 2147483647;
			files = (
			);
			runOnlyForDeploymentPostprocessing = 0;
		};
/* End PBXFrameworksBuildPhase section */

/* Begin PBXGroup section */
		A05B6721248430D20016CFA2 /* PokemonStats */ = {
			isa = PBXGroup;
			children = (
				A05B6725248431020016CFA2 /* Model */,
				A05B6724248430FC0016CFA2 /* View */,
				A05B6723248430F30016CFA2 /* ViewModel */,
				A05B6722248430EB0016CFA2 /* Connection */,
			);
			path = PokemonStats;
			sourceTree = "<group>";
		};
		A05B6722248430EB0016CFA2 /* Connection */ = {
			isa = PBXGroup;
			children = (
			);
			path = Connection;
			sourceTree = "<group>";
		};
		A05B6723248430F30016CFA2 /* ViewModel */ = {
			isa = PBXGroup;
			children = (
			);
			path = ViewModel;
			sourceTree = "<group>";
		};
		A05B6724248430FC0016CFA2 /* View */ = {
			isa = PBXGroup;
			children = (
				A05B6730248431B70016CFA2 /* PokemonStats.storyboard */,
				A05B6732248431C90016CFA2 /* PokemonStatsViewController.swift */,
			);
			path = View;
			sourceTree = "<group>";
		};
		A05B6725248431020016CFA2 /* Model */ = {
			isa = PBXGroup;
			children = (
			);
			path = Model;
			sourceTree = "<group>";
		};
		A05B67262484311F0016CFA2 /* PokemonEvolutions */ = {
			isa = PBXGroup;
			children = (
				A05B672A2484315C0016CFA2 /* Model */,
				A05B6729248431510016CFA2 /* View */,
				A05B67282484314A0016CFA2 /* ViewModel */,
				A05B6727248431430016CFA2 /* Connection */,
			);
			path = PokemonEvolutions;
			sourceTree = "<group>";
		};
		A05B6727248431430016CFA2 /* Connection */ = {
			isa = PBXGroup;
			children = (
				A05B6746248446890016CFA2 /* PokemonEvolutionsConnection.swift */,
			);
			path = Connection;
			sourceTree = "<group>";
		};
		A05B67282484314A0016CFA2 /* ViewModel */ = {
			isa = PBXGroup;
			children = (
				A05B6748248447210016CFA2 /* PokemonEvolutionsViewModel.swift */,
			);
			path = ViewModel;
			sourceTree = "<group>";
		};
		A05B6729248431510016CFA2 /* View */ = {
			isa = PBXGroup;
			children = (
				A05B6734248432020016CFA2 /* PokemonEvolutions.storyboard */,
				A05B67362484320D0016CFA2 /* PokemonEvolutionsViewController.swift */,
				A05B673D24843F110016CFA2 /* PokemonEvolutionTableViewCell.xib */,
				A05B673C24843F110016CFA2 /* PokemonEvolutionTableViewCell.swift */,
			);
			path = View;
			sourceTree = "<group>";
		};
		A05B672A2484315C0016CFA2 /* Model */ = {
			isa = PBXGroup;
			children = (
				A05B6740248444290016CFA2 /* PokemonEvolutionChain.swift */,
				A05B67422484449F0016CFA2 /* PokemonChainLink.swift */,
				A05B67442484460E0016CFA2 /* PokemonEvolutionDetail.swift */,
				A05B674A248448610016CFA2 /* EvolutionModel.swift */,
			);
			path = Model;
			sourceTree = "<group>";
		};
		A05B672B248431650016CFA2 /* PokemonMoves */ = {
			isa = PBXGroup;
			children = (
				A05B672F2484318F0016CFA2 /* Model */,
				A05B672E2484318A0016CFA2 /* View */,
				A05B672D248431800016CFA2 /* ViewModel */,
				A05B672C248431790016CFA2 /* Connection */,
			);
			path = PokemonMoves;
			sourceTree = "<group>";
		};
		A05B672C248431790016CFA2 /* Connection */ = {
			isa = PBXGroup;
			children = (
			);
			path = Connection;
			sourceTree = "<group>";
		};
		A05B672D248431800016CFA2 /* ViewModel */ = {
			isa = PBXGroup;
			children = (
			);
			path = ViewModel;
			sourceTree = "<group>";
		};
		A05B672E2484318A0016CFA2 /* View */ = {
			isa = PBXGroup;
			children = (
				A05B6738248432400016CFA2 /* PokemonMoves.storyboard */,
				A05B673A2484324E0016CFA2 /* PokemonMovesViewController.swift */,
				A040583224847A0900BADDAF /* PokemonMoveTableViewCell.swift */,
				A040583324847A0900BADDAF /* PokemonMoveTableViewCell.xib */,
			);
			path = View;
			sourceTree = "<group>";
		};
		A05B672F2484318F0016CFA2 /* Model */ = {
			isa = PBXGroup;
			children = (
			);
			path = Model;
			sourceTree = "<group>";
		};
		A07BE5502482AE2900CC77DD /* Modules */ = {
			isa = PBXGroup;
			children = (
				A07BE5512482AE6500CC77DD /* PokemonList */,
				A07BE5802483E73200CC77DD /* PokemonDetail */,
				A05B6721248430D20016CFA2 /* PokemonStats */,
				A05B67262484311F0016CFA2 /* PokemonEvolutions */,
				A05B672B248431650016CFA2 /* PokemonMoves */,
			);
			path = Modules;
			sourceTree = "<group>";
		};
		A07BE5512482AE6500CC77DD /* PokemonList */ = {
			isa = PBXGroup;
			children = (
				A07BE55F2482B86100CC77DD /* Model */,
				A07BE5522482AF9500CC77DD /* View */,
				A07BE5602482B86900CC77DD /* ViewModel */,
				A07BE55E2482B85900CC77DD /* Connection */,
			);
			path = PokemonList;
			sourceTree = "<group>";
		};
		A07BE5522482AF9500CC77DD /* View */ = {
			isa = PBXGroup;
			children = (
				A07BE5532482AFB100CC77DD /* PokemonList.storyboard */,
				A0C9568C2481BC4800C8CA85 /* PokemonListViewController.swift */,
				A07BE5562482B06B00CC77DD /* PokemonTableViewCell.xib */,
				A07BE5552482B06B00CC77DD /* PokemonTableViewCell.swift */,
			);
			path = View;
			sourceTree = "<group>";
		};
		A07BE55B2482B7A400CC77DD /* Utils */ = {
			isa = PBXGroup;
			children = (
				A07BE55C2482B7D400CC77DD /* UITableView+Extensions.swift */,
				A07BE5692482C49900CC77DD /* UIImageView+Extensions.swift */,
				A07BE56D2482E69600CC77DD /* String+Extensions.swift */,
				A07BE5712482FD0800CC77DD /* UIViewController+Extensions.swift */,
				A07BE57324830AD300CC77DD /* InjectDependenciesProtocol.swift */,
				A07BE57A24830EDE00CC77DD /* UIView+Extensions.swift */,
				A07BE57C248321A600CC77DD /* UISearchBar+Extensions.swift */,
				A07BE5892483EB7000CC77DD /* BorderedUIView.swift */,
				A07BE58B2483FAEA00CC77DD /* StoryBoard.swift */,
				A07BE58F24840DE800CC77DD /* CustomSegmentedControl.swift */,
				A07BE5912484181D00CC77DD /* UIBarButtonItem.swift */,
			);
			path = Utils;
			sourceTree = "<group>";
		};
		A07BE55E2482B85900CC77DD /* Connection */ = {
			isa = PBXGroup;
			children = (
				A07BE5612482B8B200CC77DD /* PokemonListConnection.swift */,
			);
			path = Connection;
			sourceTree = "<group>";
		};
		A07BE55F2482B86100CC77DD /* Model */ = {
			isa = PBXGroup;
			children = (
				A07BE5652482BB9300CC77DD /* APIResources.swift */,
				A07BE5672482BBC800CC77DD /* NamedAPIResource.swift */,
				A07BE56B2482D0C000CC77DD /* Pokemon.swift */,
				A07BE56F2482EDB000CC77DD /* PokemonType.swift */,
				A07BE57E2483DBEB00CC77DD /* PokemonSprites.swift */,
			);
			path = Model;
			sourceTree = "<group>";
		};
		A07BE5602482B86900CC77DD /* ViewModel */ = {
			isa = PBXGroup;
			children = (
				A07BE5632482BB0000CC77DD /* PokemonListViewModel.swift */,
			);
			path = ViewModel;
			sourceTree = "<group>";
		};
		A07BE5802483E73200CC77DD /* PokemonDetail */ = {
			isa = PBXGroup;
			children = (
				A07BE5842483E77500CC77DD /* Model */,
				A07BE5832483E76F00CC77DD /* View */,
				A07BE5822483E76100CC77DD /* ViewModel */,
				A07BE5812483E75000CC77DD /* Connection */,
			);
			path = PokemonDetail;
			sourceTree = "<group>";
		};
		A07BE5812483E75000CC77DD /* Connection */ = {
			isa = PBXGroup;
			children = (
				A05B671B24841E850016CFA2 /* PokemonDetailConnection.swift */,
			);
			path = Connection;
			sourceTree = "<group>";
		};
		A07BE5822483E76100CC77DD /* ViewModel */ = {
			isa = PBXGroup;
			children = (
				A05B671F24841FDA0016CFA2 /* PokemonDetailViewModel.swift */,
			);
			path = ViewModel;
			sourceTree = "<group>";
		};
		A07BE5832483E76F00CC77DD /* View */ = {
			isa = PBXGroup;
			children = (
				A07BE5852483E7B700CC77DD /* PokemonDetail.storyboard */,
				A07BE5872483E7E800CC77DD /* PokemonDetailViewController.swift */,
				A07BE58D2483FD7E00CC77DD /* PokemonDetailViewController+Extensions.swift */,
			);
			path = View;
			sourceTree = "<group>";
		};
		A07BE5842483E77500CC77DD /* Model */ = {
			isa = PBXGroup;
			children = (
				A05B671D24841F610016CFA2 /* PokemonColor.swift */,
			);
			path = Model;
			sourceTree = "<group>";
		};
		A0C9567C2481BC4800C8CA85 = {
			isa = PBXGroup;
			children = (
				A0C956872481BC4800C8CA85 /* Pokedex */,
				A0C956862481BC4800C8CA85 /* Products */,
			);
			sourceTree = "<group>";
		};
		A0C956862481BC4800C8CA85 /* Products */ = {
			isa = PBXGroup;
			children = (
				A0C956852481BC4800C8CA85 /* Pokedex.app */,
			);
			name = Products;
			sourceTree = "<group>";
		};
		A0C956872481BC4800C8CA85 /* Pokedex */ = {
			isa = PBXGroup;
			children = (
				A0C9569C2481C8AA00C8CA85 /* PokedexAPI */,
				A07BE5502482AE2900CC77DD /* Modules */,
				A0C956882481BC4800C8CA85 /* AppDelegate.swift */,
				A0C9568A2481BC4800C8CA85 /* SceneDelegate.swift */,
				A0C9568E2481BC4800C8CA85 /* Main.storyboard */,
				A0C956912481BC4B00C8CA85 /* Assets.xcassets */,
				A07BE5592482B16200CC77DD /* Colors.xcassets */,
				A0C956932481BC4B00C8CA85 /* LaunchScreen.storyboard */,
				A0C956962481BC4B00C8CA85 /* Info.plist */,
				A07BE55B2482B7A400CC77DD /* Utils */,
			);
			path = Pokedex;
			sourceTree = "<group>";
		};
		A0C9569C2481C8AA00C8CA85 /* PokedexAPI */ = {
			isa = PBXGroup;
			children = (
				A0C9569D2481C9F600C8CA85 /* PokedexAPI.swift */,
			);
			path = PokedexAPI;
			sourceTree = "<group>";
		};
/* End PBXGroup section */

/* Begin PBXNativeTarget section */
		A0C956842481BC4800C8CA85 /* Pokedex */ = {
			isa = PBXNativeTarget;
			buildConfigurationList = A0C956992481BC4B00C8CA85 /* Build configuration list for PBXNativeTarget "Pokedex" */;
			buildPhases = (
				A0C956812481BC4800C8CA85 /* Sources */,
				A0C956822481BC4800C8CA85 /* Frameworks */,
				A0C956832481BC4800C8CA85 /* Resources */,
			);
			buildRules = (
			);
			dependencies = (
			);
			name = Pokedex;
			productName = Pokedex;
			productReference = A0C956852481BC4800C8CA85 /* Pokedex.app */;
			productType = "com.apple.product-type.application";
		};
/* End PBXNativeTarget section */

/* Begin PBXProject section */
		A0C9567D2481BC4800C8CA85 /* Project object */ = {
			isa = PBXProject;
			attributes = {
				LastSwiftUpdateCheck = 1150;
				LastUpgradeCheck = 1150;
				ORGANIZATIONNAME = "Eduardo Andrade";
				TargetAttributes = {
					A0C956842481BC4800C8CA85 = {
						CreatedOnToolsVersion = 11.5;
					};
				};
			};
			buildConfigurationList = A0C956802481BC4800C8CA85 /* Build configuration list for PBXProject "Pokedex" */;
			compatibilityVersion = "Xcode 9.3";
			developmentRegion = en;
			hasScannedForEncodings = 0;
			knownRegions = (
				en,
				Base,
			);
			mainGroup = A0C9567C2481BC4800C8CA85;
			productRefGroup = A0C956862481BC4800C8CA85 /* Products */;
			projectDirPath = "";
			projectRoot = "";
			targets = (
				A0C956842481BC4800C8CA85 /* Pokedex */,
			);
		};
/* End PBXProject section */

/* Begin PBXResourcesBuildPhase section */
		A0C956832481BC4800C8CA85 /* Resources */ = {
			isa = PBXResourcesBuildPhase;
			buildActionMask = 2147483647;
			files = (
				A0C956952481BC4B00C8CA85 /* LaunchScreen.storyboard in Resources */,
				A07BE5582482B06B00CC77DD /* PokemonTableViewCell.xib in Resources */,
				A05B6735248432020016CFA2 /* PokemonEvolutions.storyboard in Resources */,
				A05B6739248432400016CFA2 /* PokemonMoves.storyboard in Resources */,
				A040583524847A0900BADDAF /* PokemonMoveTableViewCell.xib in Resources */,
				A0C956922481BC4B00C8CA85 /* Assets.xcassets in Resources */,
				A07BE55A2482B16200CC77DD /* Colors.xcassets in Resources */,
				A05B673F24843F110016CFA2 /* PokemonEvolutionTableViewCell.xib in Resources */,
				A0C956902481BC4800C8CA85 /* Main.storyboard in Resources */,
				A07BE5862483E7B700CC77DD /* PokemonDetail.storyboard in Resources */,
				A05B6731248431B70016CFA2 /* PokemonStats.storyboard in Resources */,
				A07BE5542482AFB100CC77DD /* PokemonList.storyboard in Resources */,
			);
			runOnlyForDeploymentPostprocessing = 0;
		};
/* End PBXResourcesBuildPhase section */

/* Begin PBXSourcesBuildPhase section */
		A0C956812481BC4800C8CA85 /* Sources */ = {
			isa = PBXSourcesBuildPhase;
			buildActionMask = 2147483647;
			files = (
				A0C9568D2481BC4800C8CA85 /* PokemonListViewController.swift in Sources */,
				A07BE5922484181D00CC77DD /* UIBarButtonItem.swift in Sources */,
				A07BE56E2482E69600CC77DD /* String+Extensions.swift in Sources */,
				A05B673B2484324E0016CFA2 /* PokemonMovesViewController.swift in Sources */,
				A07BE57424830AD300CC77DD /* InjectDependenciesProtocol.swift in Sources */,
				A07BE57F2483DBEB00CC77DD /* PokemonSprites.swift in Sources */,
				A07BE58C2483FAEB00CC77DD /* StoryBoard.swift in Sources */,
				A07BE58E2483FD7E00CC77DD /* PokemonDetailViewController+Extensions.swift in Sources */,
				A07BE58A2483EB7100CC77DD /* BorderedUIView.swift in Sources */,
				A040583424847A0900BADDAF /* PokemonMoveTableViewCell.swift in Sources */,
				A05B674B248448610016CFA2 /* EvolutionModel.swift in Sources */,
				A0C9569E2481C9F600C8CA85 /* PokedexAPI.swift in Sources */,
				A07BE56A2482C49900CC77DD /* UIImageView+Extensions.swift in Sources */,
				A07BE5682482BBC800CC77DD /* NamedAPIResource.swift in Sources */,
				A05B672024841FDA0016CFA2 /* PokemonDetailViewModel.swift in Sources */,
				A05B67432484449F0016CFA2 /* PokemonChainLink.swift in Sources */,
				A07BE57B24830EDE00CC77DD /* UIView+Extensions.swift in Sources */,
				A0C956892481BC4800C8CA85 /* AppDelegate.swift in Sources */,
				A07BE56C2482D0C000CC77DD /* Pokemon.swift in Sources */,
				A07BE57D248321A600CC77DD /* UISearchBar+Extensions.swift in Sources */,
				A07BE5722482FD0800CC77DD /* UIViewController+Extensions.swift in Sources */,
				A05B67452484460E0016CFA2 /* PokemonEvolutionDetail.swift in Sources */,
				A07BE55D2482B7D400CC77DD /* UITableView+Extensions.swift in Sources */,
				A07BE5622482B8B200CC77DD /* PokemonListConnection.swift in Sources */,
				A07BE5572482B06B00CC77DD /* PokemonTableViewCell.swift in Sources */,
				A05B671E24841F610016CFA2 /* PokemonColor.swift in Sources */,
				A05B6741248444290016CFA2 /* PokemonEvolutionChain.swift in Sources */,
				A05B6749248447210016CFA2 /* PokemonEvolutionsViewModel.swift in Sources */,
				A07BE5662482BB9300CC77DD /* APIResources.swift in Sources */,
				A05B673E24843F110016CFA2 /* PokemonEvolutionTableViewCell.swift in Sources */,
				A07BE5642482BB0000CC77DD /* PokemonListViewModel.swift in Sources */,
				A07BE5882483E7E800CC77DD /* PokemonDetailViewController.swift in Sources */,
				A05B671C24841E850016CFA2 /* PokemonDetailConnection.swift in Sources */,
				A0C9568B2481BC4800C8CA85 /* SceneDelegate.swift in Sources */,
				A05B6747248446890016CFA2 /* PokemonEvolutionsConnection.swift in Sources */,
				A07BE5702482EDB000CC77DD /* PokemonType.swift in Sources */,
				A07BE59024840DE800CC77DD /* CustomSegmentedControl.swift in Sources */,
				A05B67372484320D0016CFA2 /* PokemonEvolutionsViewController.swift in Sources */,
				A05B6733248431C90016CFA2 /* PokemonStatsViewController.swift in Sources */,
			);
			runOnlyForDeploymentPostprocessing = 0;
		};
/* End PBXSourcesBuildPhase section */

/* Begin PBXVariantGroup section */
		A0C9568E2481BC4800C8CA85 /* Main.storyboard */ = {
			isa = PBXVariantGroup;
			children = (
				A0C9568F2481BC4800C8CA85 /* Base */,
			);
			name = Main.storyboard;
			sourceTree = "<group>";
		};
		A0C956932481BC4B00C8CA85 /* LaunchScreen.storyboard */ = {
			isa = PBXVariantGroup;
			children = (
				A0C956942481BC4B00C8CA85 /* Base */,
			);
			name = LaunchScreen.storyboard;
			sourceTree = "<group>";
		};
/* End PBXVariantGroup section */

/* Begin XCBuildConfiguration section */
		A0C956972481BC4B00C8CA85 /* Debug */ = {
			isa = XCBuildConfiguration;
			buildSettings = {
				ALWAYS_SEARCH_USER_PATHS = NO;
				CLANG_ANALYZER_NONNULL = YES;
				CLANG_ANALYZER_NUMBER_OBJECT_CONVERSION = YES_AGGRESSIVE;
				CLANG_CXX_LANGUAGE_STANDARD = "gnu++14";
				CLANG_CXX_LIBRARY = "libc++";
				CLANG_ENABLE_MODULES = YES;
				CLANG_ENABLE_OBJC_ARC = YES;
				CLANG_ENABLE_OBJC_WEAK = YES;
				CLANG_WARN_BLOCK_CAPTURE_AUTORELEASING = YES;
				CLANG_WARN_BOOL_CONVERSION = YES;
				CLANG_WARN_COMMA = YES;
				CLANG_WARN_CONSTANT_CONVERSION = YES;
				CLANG_WARN_DEPRECATED_OBJC_IMPLEMENTATIONS = YES;
				CLANG_WARN_DIRECT_OBJC_ISA_USAGE = YES_ERROR;
				CLANG_WARN_DOCUMENTATION_COMMENTS = YES;
				CLANG_WARN_EMPTY_BODY = YES;
				CLANG_WARN_ENUM_CONVERSION = YES;
				CLANG_WARN_INFINITE_RECURSION = YES;
				CLANG_WARN_INT_CONVERSION = YES;
				CLANG_WARN_NON_LITERAL_NULL_CONVERSION = YES;
				CLANG_WARN_OBJC_IMPLICIT_RETAIN_SELF = YES;
				CLANG_WARN_OBJC_LITERAL_CONVERSION = YES;
				CLANG_WARN_OBJC_ROOT_CLASS = YES_ERROR;
				CLANG_WARN_RANGE_LOOP_ANALYSIS = YES;
				CLANG_WARN_STRICT_PROTOTYPES = YES;
				CLANG_WARN_SUSPICIOUS_MOVE = YES;
				CLANG_WARN_UNGUARDED_AVAILABILITY = YES_AGGRESSIVE;
				CLANG_WARN_UNREACHABLE_CODE = YES;
				CLANG_WARN__DUPLICATE_METHOD_MATCH = YES;
				COPY_PHASE_STRIP = NO;
				DEBUG_INFORMATION_FORMAT = dwarf;
				ENABLE_STRICT_OBJC_MSGSEND = YES;
				ENABLE_TESTABILITY = YES;
				GCC_C_LANGUAGE_STANDARD = gnu11;
				GCC_DYNAMIC_NO_PIC = NO;
				GCC_NO_COMMON_BLOCKS = YES;
				GCC_OPTIMIZATION_LEVEL = 0;
				GCC_PREPROCESSOR_DEFINITIONS = (
					"DEBUG=1",
					"$(inherited)",
				);
				GCC_WARN_64_TO_32_BIT_CONVERSION = YES;
				GCC_WARN_ABOUT_RETURN_TYPE = YES_ERROR;
				GCC_WARN_UNDECLARED_SELECTOR = YES;
				GCC_WARN_UNINITIALIZED_AUTOS = YES_AGGRESSIVE;
				GCC_WARN_UNUSED_FUNCTION = YES;
				GCC_WARN_UNUSED_VARIABLE = YES;
				IPHONEOS_DEPLOYMENT_TARGET = 13.5;
				MTL_ENABLE_DEBUG_INFO = INCLUDE_SOURCE;
				MTL_FAST_MATH = YES;
				ONLY_ACTIVE_ARCH = YES;
				SDKROOT = iphoneos;
				SWIFT_ACTIVE_COMPILATION_CONDITIONS = DEBUG;
				SWIFT_OPTIMIZATION_LEVEL = "-Onone";
			};
			name = Debug;
		};
		A0C956982481BC4B00C8CA85 /* Release */ = {
			isa = XCBuildConfiguration;
			buildSettings = {
				ALWAYS_SEARCH_USER_PATHS = NO;
				CLANG_ANALYZER_NONNULL = YES;
				CLANG_ANALYZER_NUMBER_OBJECT_CONVERSION = YES_AGGRESSIVE;
				CLANG_CXX_LANGUAGE_STANDARD = "gnu++14";
				CLANG_CXX_LIBRARY = "libc++";
				CLANG_ENABLE_MODULES = YES;
				CLANG_ENABLE_OBJC_ARC = YES;
				CLANG_ENABLE_OBJC_WEAK = YES;
				CLANG_WARN_BLOCK_CAPTURE_AUTORELEASING = YES;
				CLANG_WARN_BOOL_CONVERSION = YES;
				CLANG_WARN_COMMA = YES;
				CLANG_WARN_CONSTANT_CONVERSION = YES;
				CLANG_WARN_DEPRECATED_OBJC_IMPLEMENTATIONS = YES;
				CLANG_WARN_DIRECT_OBJC_ISA_USAGE = YES_ERROR;
				CLANG_WARN_DOCUMENTATION_COMMENTS = YES;
				CLANG_WARN_EMPTY_BODY = YES;
				CLANG_WARN_ENUM_CONVERSION = YES;
				CLANG_WARN_INFINITE_RECURSION = YES;
				CLANG_WARN_INT_CONVERSION = YES;
				CLANG_WARN_NON_LITERAL_NULL_CONVERSION = YES;
				CLANG_WARN_OBJC_IMPLICIT_RETAIN_SELF = YES;
				CLANG_WARN_OBJC_LITERAL_CONVERSION = YES;
				CLANG_WARN_OBJC_ROOT_CLASS = YES_ERROR;
				CLANG_WARN_RANGE_LOOP_ANALYSIS = YES;
				CLANG_WARN_STRICT_PROTOTYPES = YES;
				CLANG_WARN_SUSPICIOUS_MOVE = YES;
				CLANG_WARN_UNGUARDED_AVAILABILITY = YES_AGGRESSIVE;
				CLANG_WARN_UNREACHABLE_CODE = YES;
				CLANG_WARN__DUPLICATE_METHOD_MATCH = YES;
				COPY_PHASE_STRIP = NO;
				DEBUG_INFORMATION_FORMAT = "dwarf-with-dsym";
				ENABLE_NS_ASSERTIONS = NO;
				ENABLE_STRICT_OBJC_MSGSEND = YES;
				GCC_C_LANGUAGE_STANDARD = gnu11;
				GCC_NO_COMMON_BLOCKS = YES;
				GCC_WARN_64_TO_32_BIT_CONVERSION = YES;
				GCC_WARN_ABOUT_RETURN_TYPE = YES_ERROR;
				GCC_WARN_UNDECLARED_SELECTOR = YES;
				GCC_WARN_UNINITIALIZED_AUTOS = YES_AGGRESSIVE;
				GCC_WARN_UNUSED_FUNCTION = YES;
				GCC_WARN_UNUSED_VARIABLE = YES;
				IPHONEOS_DEPLOYMENT_TARGET = 13.5;
				MTL_ENABLE_DEBUG_INFO = NO;
				MTL_FAST_MATH = YES;
				SDKROOT = iphoneos;
				SWIFT_COMPILATION_MODE = wholemodule;
				SWIFT_OPTIMIZATION_LEVEL = "-O";
				VALIDATE_PRODUCT = YES;
			};
			name = Release;
		};
		A0C9569A2481BC4B00C8CA85 /* Debug */ = {
			isa = XCBuildConfiguration;
			buildSettings = {
				ASSETCATALOG_COMPILER_APPICON_NAME = AppIcon;
				CODE_SIGN_IDENTITY = "Apple Development";
				CODE_SIGN_STYLE = Automatic;
				DEVELOPMENT_TEAM = V8BCKJ57FF;
				INFOPLIST_FILE = Pokedex/Info.plist;
				IPHONEOS_DEPLOYMENT_TARGET = 11.0;
				LD_RUNPATH_SEARCH_PATHS = (
					"$(inherited)",
					"@executable_path/Frameworks",
				);
				PRODUCT_BUNDLE_IDENTIFIER = com.valid.Pokedex;
				PRODUCT_NAME = "$(TARGET_NAME)";
				PROVISIONING_PROFILE_SPECIFIER = "";
				SWIFT_VERSION = 5.0;
				TARGETED_DEVICE_FAMILY = "1,2";
			};
			name = Debug;
		};
		A0C9569B2481BC4B00C8CA85 /* Release */ = {
			isa = XCBuildConfiguration;
			buildSettings = {
				ASSETCATALOG_COMPILER_APPICON_NAME = AppIcon;
				CODE_SIGN_IDENTITY = "Apple Development";
				CODE_SIGN_STYLE = Automatic;
				DEVELOPMENT_TEAM = V8BCKJ57FF;
				INFOPLIST_FILE = Pokedex/Info.plist;
				IPHONEOS_DEPLOYMENT_TARGET = 11.0;
				LD_RUNPATH_SEARCH_PATHS = (
					"$(inherited)",
					"@executable_path/Frameworks",
				);
				PRODUCT_BUNDLE_IDENTIFIER = com.valid.Pokedex;
				PRODUCT_NAME = "$(TARGET_NAME)";
				PROVISIONING_PROFILE_SPECIFIER = "";
				SWIFT_VERSION = 5.0;
				TARGETED_DEVICE_FAMILY = "1,2";
			};
			name = Release;
		};
/* End XCBuildConfiguration section */

/* Begin XCConfigurationList section */
		A0C956802481BC4800C8CA85 /* Build configuration list for PBXProject "Pokedex" */ = {
			isa = XCConfigurationList;
			buildConfigurations = (
				A0C956972481BC4B00C8CA85 /* Debug */,
				A0C956982481BC4B00C8CA85 /* Release */,
			);
			defaultConfigurationIsVisible = 0;
			defaultConfigurationName = Release;
		};
		A0C956992481BC4B00C8CA85 /* Build configuration list for PBXNativeTarget "Pokedex" */ = {
			isa = XCConfigurationList;
			buildConfigurations = (
				A0C9569A2481BC4B00C8CA85 /* Debug */,
				A0C9569B2481BC4B00C8CA85 /* Release */,
			);
			defaultConfigurationIsVisible = 0;
			defaultConfigurationName = Release;
		};
/* End XCConfigurationList section */
	};
	rootObject = A0C9567D2481BC4800C8CA85 /* Project object */;
}
